
Microsoft Visual Studio Solution File, Format Version 12.00
# Visual Studio Version 17
VisualStudioVersion = 17.0.32014.148
MinimumVisualStudioVersion = 10.0.40219.1
Project("{FAE04EC0-301F-11D3-BF4B-00C04F79EFBC}") = "test", "test\test.csproj", "{BCE0B54A-BC92-451F-A456-41BD4BC576EA}"
EndProject
Global
	GlobalSection(SolutionConfigurationPlatforms) = preSolution
		Debug|Any CPU = Debug|Any CPU
		Release|Any CPU = Release|Any CPU
	EndGlobalSection
	GlobalSection(ProjectConfigurationPlatforms) = postSolution
		{BCE0B54A-BC92-451F-A456-41BD4BC576EA}.Debug|Any CPU.ActiveCfg = Debug|Any CPU
		{BCE0B54A-BC92-451F-A456-41BD4BC576EA}.Debug|Any CPU.Build.0 = Debug|Any CPU
		{BCE0B54A-BC92-451F-A456-41BD4BC576EA}.Release|Any CPU.ActiveCfg = Release|Any CPU
		{BCE0B54A-BC92-451F-A456-41BD4BC576EA}.Release|Any CPU.Build.0 = Release|Any CPU
	EndGlobalSection
	GlobalSection(SolutionProperties) = preSolution
		HideSolutionNode = FALSE
	EndGlobalSection
	GlobalSection(ExtensibilityGlobals) = postSolution
		SolutionGuid = {73EDF601-BC47-4FA7-95A8-1E9299619309}
	EndGlobalSection
EndGlobal
